
Microsoft Visual Studio Solution File, Format Version 12.00
# Visual Studio 2012
Project("{FAE04EC0-301F-11D3-BF4B-00C04F79EFBC}") = "StudentsList", "StudentsList\StudentsList.csproj", "{123E31FE-D2C5-425D-A129-5BD4BD91F259}"
EndProject
Global
	GlobalSection(SolutionConfigurationPlatforms) = preSolution
		Debug|x86 = Debug|x86
		Release|x86 = Release|x86
	EndGlobalSection
	GlobalSection(ProjectConfigurationPlatforms) = postSolution
		{123E31FE-D2C5-425D-A129-5BD4BD91F259}.Debug|x86.ActiveCfg = Debug|x86
		{123E31FE-D2C5-425D-A129-5BD4BD91F259}.Debug|x86.Build.0 = Debug|x86
		{123E31FE-D2C5-425D-A129-5BD4BD91F259}.Release|x86.ActiveCfg = Release|x86
		{123E31FE-D2C5-425D-A129-5BD4BD91F259}.Release|x86.Build.0 = Release|x86
	EndGlobalSection
EndGlobal
